dependencies:
  idf:
    source:
      type: idf
    version: 6.0.2
  joltwallet/littlefs:
    component_hash: 3af20a3d75c49db9dc2286fd50862c34055c9f578419ad1f2bf7ed3ed01391fe
    dependencies:
    - name: idf
      require: private
      version: '>=5.0'
    source:
      registry_url: https://components.espressif.com/
      type: service
    version: 1.22.3
direct_dependencies:
- idf
- joltwallet/littlefs
manifest_hash: 52bafb119f6c7ecc551cf55de7b82ac5d564cd4687ee68c9de68172d49d753e3
target: esp32
version: 3.0.0
